
Microsoft Visual Studio Solution File, Format Version 12.00
# Visual Studio 14
VisualStudioVersion = 14.0.25420.1
MinimumVisualStudioVersion = 10.0.40219.1
Project("{FAE04EC0-301F-11D3-BF4B-00C04F79EFBC}") = "CustomerRenderDemo.Droid", "CustomerRenderDemo\CustomerRenderDemo.Droid\CustomerRenderDemo.Droid.csproj", "{F453F802-46E7-4333-B3CE-8612319DA3F5}"
EndProject
Project("{FAE04EC0-301F-11D3-BF4B-00C04F79EFBC}") = "CustomerRenderDemo.iOS", "CustomerRenderDemo\CustomerRenderDemo.iOS\CustomerRenderDemo.iOS.csproj", "{AEE75F61-B746-4411-B238-B4FCD2AFB1D6}"
EndProject
Project("{FAE04EC0-301F-11D3-BF4B-00C04F79EFBC}") = "CustomerRenderDemo.WinPhone", "CustomerRenderDemo\CustomerRenderDemo.WinPhone\CustomerRenderDemo.WinPhone.csproj", "{F1045F18-27F4-4670-A921-F7FEB4EB302A}"
EndProject
Project("{FAE04EC0-301F-11D3-BF4B-00C04F79EFBC}") = "CustomerRenderDemo.UWP", "CustomerRenderDemo\CustomerRenderDemo.UWP\CustomerRenderDemo.UWP.csproj", "{85D16DAB-6626-4046-990C-39ACC54E7962}"
EndProject
Project("{FAE04EC0-301F-11D3-BF4B-00C04F79EFBC}") = "CustomerRenderDemo.Windows", "CustomerRenderDemo\CustomerRenderDemo.Windows\CustomerRenderDemo.Windows.csproj", "{61C9A4EE-6CB9-4563-B455-7F2EF5DBF288}"
EndProject
Project("{FAE04EC0-301F-11D3-BF4B-00C04F79EFBC}") = "CustomerRenderDemo", "CustomerRenderDemo\CustomerRenderDemo\CustomerRenderDemo.csproj", "{28C438B3-BF76-43CA-838D-C301B0B6A5A2}"
EndProject
Global
	GlobalSection(SolutionConfigurationPlatforms) = preSolution
		Ad-Hoc|Any CPU = Ad-Hoc|Any CPU
		Ad-Hoc|ARM = Ad-Hoc|ARM
		Ad-Hoc|iPhone = Ad-Hoc|iPhone
		Ad-Hoc|iPhoneSimulator = Ad-Hoc|iPhoneSimulator
		Ad-Hoc|x64 = Ad-Hoc|x64
		Ad-Hoc|x86 = Ad-Hoc|x86
		AppStore|Any CPU = AppStore|Any CPU
		AppStore|ARM = AppStore|ARM
		AppStore|iPhone = AppStore|iPhone
		AppStore|iPhoneSimulator = AppStore|iPhoneSimulator
		AppStore|x64 = AppStore|x64
		AppStore|x86 = AppStore|x86
		Debug|Any CPU = Debug|Any CPU
		Debug|ARM = Debug|ARM
		Debug|iPhone = Debug|iPhone
		Debug|iPhoneSimulator = Debug|iPhoneSimulator
		Debug|x64 = Debug|x64
		Debug|x86 = Debug|x86
		Release|Any CPU = Release|Any CPU
		Release|ARM = Release|ARM
		Release|iPhone = Release|iPhone
		Release|iPhoneSimulator = Release|iPhoneSimulator
		Release|x64 = Release|x64
		Release|x86 = Release|x86
	EndGlobalSection
	GlobalSection(ProjectConfigurationPlatforms) = postSolution
		{F453F802-46E7-4333-B3CE-8612319DA3F5}.Ad-Hoc|Any CPU.ActiveCfg = Release|Any CPU
		{F453F802-46E7-4333-B3CE-8612319DA3F5}.Ad-Hoc|Any CPU.Build.0 = Release|Any CPU
		{F453F802-46E7-4333-B3CE-8612319DA3F5}.Ad-Hoc|Any CPU.Deploy.0 = Release|Any CPU
		{F453F802-46E7-4333-B3CE-8612319DA3F5}.Ad-Hoc|ARM.ActiveCfg = Release|Any CPU
		{F453F802-46E7-4333-B3CE-8612319DA3F5}.Ad-Hoc|ARM.Build.0 = Release|Any CPU
		{F453F802-46E7-4333-B3CE-8612319DA3F5}.Ad-Hoc|ARM.Deploy.0 = Release|Any CPU
		{F453F802-46E7-4333-B3CE-8612319DA3F5}.Ad-Hoc|iPhone.ActiveCfg = Release|Any CPU
		{F453F802-46E7-4333-B3CE-8612319DA3F5}.Ad-Hoc|iPhone.Build.0 = Release|Any CPU
		{F453F802-46E7-4333-B3CE-8612319DA3F5}.Ad-Hoc|iPhone.Deploy.0 = Release|Any CPU
		{F453F802-46E7-4333-B3CE-8612319DA3F5}.Ad-Hoc|iPhoneSimulator.ActiveCfg = Release|Any CPU
		{F453F802-46E7-4333-B3CE-8612319DA3F5}.Ad-Hoc|iPhoneSimulator.Build.0 = Release|Any CPU
		{F453F802-46E7-4333-B3CE-8612319DA3F5}.Ad-Hoc|iPhoneSimulator.Deploy.0 = Release|Any CPU
		{F453F802-46E7-4333-B3CE-8612319DA3F5}.Ad-Hoc|x64.ActiveCfg = Release|Any CPU
		{F453F802-46E7-4333-B3CE-8612319DA3F5}.Ad-Hoc|x64.Build.0 = Release|Any CPU
		{F453F802-46E7-4333-B3CE-8612319DA3F5}.Ad-Hoc|x64.Deploy.0 = Release|Any CPU
		{F453F802-46E7-4333-B3CE-8612319DA3F5}.Ad-Hoc|x86.ActiveCfg = Release|Any CPU
		{F453F802-46E7-4333-B3CE-8612319DA3F5}.Ad-Hoc|x86.Build.0 = Release|Any CPU
		{F453F802-46E7-4333-B3CE-8612319DA3F5}.Ad-Hoc|x86.Deploy.0 = Release|Any CPU
		{F453F802-46E7-4333-B3CE-8612319DA3F5}.AppStore|Any CPU.ActiveCfg = Release|Any CPU
		{F453F802-46E7-4333-B3CE-8612319DA3F5}.AppStore|Any CPU.Build.0 = Release|Any CPU
		{F453F802-46E7-4333-B3CE-8612319DA3F5}.AppStore|Any CPU.Deploy.0 = Release|Any CPU
		{F453F802-46E7-4333-B3CE-8612319DA3F5}.AppStore|ARM.ActiveCfg = Release|Any CPU
		{F453F802-46E7-4333-B3CE-8612319DA3F5}.AppStore|ARM.Build.0 = Release|Any CPU
		{F453F802-46E7-4333-B3CE-8612319DA3F5}.AppStore|ARM.Deploy.0 = Release|Any CPU
		{F453F802-46E7-4333-B3CE-8612319DA3F5}.AppStore|iPhone.ActiveCfg = Release|Any CPU
		{F453F802-46E7-4333-B3CE-8612319DA3F5}.AppStore|iPhone.Build.0 = Release|Any CPU
		{F453F802-46E7-4333-B3CE-8612319DA3F5}.AppStore|iPhone.Deploy.0 = Release|Any CPU
		{F453F802-46E7-4333-B3CE-8612319DA3F5}.AppStore|iPhoneSimulator.ActiveCfg = Release|Any CPU
		{F453F802-46E7-4333-B3CE-8612319DA3F5}.AppStore|iPhoneSimulator.Build.0 = Release|Any CPU
		{F453F802-46E7-4333-B3CE-8612319DA3F5}.AppStore|iPhoneSimulator.Deploy.0 = Release|Any CPU
		{F453F802-46E7-4333-B3CE-8612319DA3F5}.AppStore|x64.ActiveCfg = Release|Any CPU
		{F453F802-46E7-4333-B3CE-8612319DA3F5}.AppStore|x64.Build.0 = Release|Any CPU
		{F453F802-46E7-4333-B3CE-8612319DA3F5}.AppStore|x64.Deploy.0 = Release|Any CPU
		{F453F802-46E7-4333-B3CE-8612319DA3F5}.AppStore|x86.ActiveCfg = Release|Any CPU
		{F453F802-46E7-4333-B3CE-8612319DA3F5}.AppStore|x86.Build.0 = Release|Any CPU
		{F453F802-46E7-4333-B3CE-8612319DA3F5}.AppStore|x86.Deploy.0 = Release|Any CPU
		{F453F802-46E7-4333-B3CE-8612319DA3F5}.Debug|Any CPU.ActiveCfg = Debug|Any CPU
		{F453F802-46E7-4333-B3CE-8612319DA3F5}.Debug|Any CPU.Build.0 = Debug|Any CPU
		{F453F802-46E7-4333-B3CE-8612319DA3F5}.Debug|Any CPU.Deploy.0 = Debug|Any CPU
		{F453F802-46E7-4333-B3CE-8612319DA3F5}.Debug|ARM.ActiveCfg = Debug|Any CPU
		{F453F802-46E7-4333-B3CE-8612319DA3F5}.Debug|ARM.Build.0 = Debug|Any CPU
		{F453F802-46E7-4333-B3CE-8612319DA3F5}.Debug|ARM.Deploy.0 = Debug|Any CPU
		{F453F802-46E7-4333-B3CE-8612319DA3F5}.Debug|iPhone.ActiveCfg = Debug|Any CPU
		{F453F802-46E7-4333-B3CE-8612319DA3F5}.Debug|iPhone.Build.0 = Debug|Any CPU
		{F453F802-46E7-4333-B3CE-8612319DA3F5}.Debug|iPhone.Deploy.0 = Debug|Any CPU
		{F453F802-46E7-4333-B3CE-8612319DA3F5}.Debug|iPhoneSimulator.ActiveCfg = Debug|Any CPU
		{F453F802-46E7-4333-B3CE-8612319DA3F5}.Debug|iPhoneSimulator.Build.0 = Debug|Any CPU
		{F453F802-46E7-4333-B3CE-8612319DA3F5}.Debug|iPhoneSimulator.Deploy.0 = Debug|Any CPU
		{F453F802-46E7-4333-B3CE-8612319DA3F5}.Debug|x64.ActiveCfg = Debug|Any CPU
		{F453F802-46E7-4333-B3CE-8612319DA3F5}.Debug|x64.Build.0 = Debug|Any CPU
		{F453F802-46E7-4333-B3CE-8612319DA3F5}.Debug|x64.Deploy.0 = Debug|Any CPU
		{F453F802-46E7-4333-B3CE-8612319DA3F5}.Debug|x86.ActiveCfg = Debug|Any CPU
		{F453F802-46E7-4333-B3CE-8612319DA3F5}.Debug|x86.Build.0 = Debug|Any CPU
		{F453F802-46E7-4333-B3CE-8612319DA3F5}.Debug|x86.Deploy.0 = Debug|Any CPU
		{F453F802-46E7-4333-B3CE-8612319DA3F5}.Release|Any CPU.ActiveCfg = Release|Any CPU
		{F453F802-46E7-4333-B3CE-8612319DA3F5}.Release|Any CPU.Build.0 = Release|Any CPU
		{F453F802-46E7-4333-B3CE-8612319DA3F5}.Release|Any CPU.Deploy.0 = Release|Any CPU
		{F453F802-46E7-4333-B3CE-8612319DA3F5}.Release|ARM.ActiveCfg = Release|Any CPU
		{F453F802-46E7-4333-B3CE-8612319DA3F5}.Release|ARM.Build.0 = Release|Any CPU
		{F453F802-46E7-4333-B3CE-8612319DA3F5}.Release|ARM.Deploy.0 = Release|Any CPU
		{F453F802-46E7-4333-B3CE-8612319DA3F5}.Release|iPhone.ActiveCfg = Release|Any CPU
		{F453F802-46E7-4333-B3CE-8612319DA3F5}.Release|iPhone.Build.0 = Release|Any CPU
		{F453F802-46E7-4333-B3CE-8612319DA3F5}.Release|iPhone.Deploy.0 = Release|Any CPU
		{F453F802-46E7-4333-B3CE-8612319DA3F5}.Release|iPhoneSimulator.ActiveCfg = Release|Any CPU
		{F453F802-46E7-4333-B3CE-8612319DA3F5}.Release|iPhoneSimulator.Build.0 = Release|Any CPU
		{F453F802-46E7-4333-B3CE-8612319DA3F5}.Release|iPhoneSimulator.Deploy.0 = Release|Any CPU
		{F453F802-46E7-4333-B3CE-8612319DA3F5}.Release|x64.ActiveCfg = Release|Any CPU
		{F453F802-46E7-4333-B3CE-8612319DA3F5}.Release|x64.Build.0 = Release|Any CPU
		{F453F802-46E7-4333-B3CE-8612319DA3F5}.Release|x64.Deploy.0 = Release|Any CPU
		{F453F802-46E7-4333-B3CE-8612319DA3F5}.Release|x86.ActiveCfg = Release|Any CPU
		{F453F802-46E7-4333-B3CE-8612319DA3F5}.Release|x86.Build.0 = Release|Any CPU
		{F453F802-46E7-4333-B3CE-8612319DA3F5}.Release|x86.Deploy.0 = Release|Any CPU
		{AEE75F61-B746-4411-B238-B4FCD2AFB1D6}.Ad-Hoc|Any CPU.ActiveCfg = Ad-Hoc|iPhone
		{AEE75F61-B746-4411-B238-B4FCD2AFB1D6}.Ad-Hoc|ARM.ActiveCfg = Ad-Hoc|iPhone
		{AEE75F61-B746-4411-B238-B4FCD2AFB1D6}.Ad-Hoc|iPhone.ActiveCfg = Ad-Hoc|iPhone
		{AEE75F61-B746-4411-B238-B4FCD2AFB1D6}.Ad-Hoc|iPhone.Build.0 = Ad-Hoc|iPhone
		{AEE75F61-B746-4411-B238-B4FCD2AFB1D6}.Ad-Hoc|iPhoneSimulator.ActiveCfg = Ad-Hoc|iPhoneSimulator
		{AEE75F61-B746-4411-B238-B4FCD2AFB1D6}.Ad-Hoc|iPhoneSimulator.Build.0 = Ad-Hoc|iPhoneSimulator
		{AEE75F61-B746-4411-B238-B4FCD2AFB1D6}.Ad-Hoc|x64.ActiveCfg = Ad-Hoc|iPhone
		{AEE75F61-B746-4411-B238-B4FCD2AFB1D6}.Ad-Hoc|x86.ActiveCfg = Ad-Hoc|iPhone
		{AEE75F61-B746-4411-B238-B4FCD2AFB1D6}.AppStore|Any CPU.ActiveCfg = AppStore|iPhone
		{AEE75F61-B746-4411-B238-B4FCD2AFB1D6}.AppStore|ARM.ActiveCfg = AppStore|iPhone
		{AEE75F61-B746-4411-B238-B4FCD2AFB1D6}.AppStore|iPhone.ActiveCfg = AppStore|iPhone
		{AEE75F61-B746-4411-B238-B4FCD2AFB1D6}.AppStore|iPhone.Build.0 = AppStore|iPhone
		{AEE75F61-B746-4411-B238-B4FCD2AFB1D6}.AppStore|iPhoneSimulator.ActiveCfg = AppStore|iPhoneSimulator
		{AEE75F61-B746-4411-B238-B4FCD2AFB1D6}.AppStore|iPhoneSimulator.Build.0 = AppStore|iPhoneSimulator
		{AEE75F61-B746-4411-B238-B4FCD2AFB1D6}.AppStore|x64.ActiveCfg = AppStore|iPhone
		{AEE75F61-B746-4411-B238-B4FCD2AFB1D6}.AppStore|x86.ActiveCfg = AppStore|iPhone
		{AEE75F61-B746-4411-B238-B4FCD2AFB1D6}.Debug|Any CPU.ActiveCfg = Debug|iPhone
		{AEE75F61-B746-4411-B238-B4FCD2AFB1D6}.Debug|ARM.ActiveCfg = Debug|iPhone
		{AEE75F61-B746-4411-B238-B4FCD2AFB1D6}.Debug|iPhone.ActiveCfg = Debug|iPhone
		{AEE75F61-B746-4411-B238-B4FCD2AFB1D6}.Debug|iPhone.Build.0 = Debug|iPhone
		{AEE75F61-B746-4411-B238-B4FCD2AFB1D6}.Debug|iPhoneSimulator.ActiveCfg = Debug|iPhoneSimulator
		{AEE75F61-B746-4411-B238-B4FCD2AFB1D6}.Debug|iPhoneSimulator.Build.0 = Debug|iPhoneSimulator
		{AEE75F61-B746-4411-B238-B4FCD2AFB1D6}.Debug|x64.ActiveCfg = Debug|iPhone
		{AEE75F61-B746-4411-B238-B4FCD2AFB1D6}.Debug|x86.ActiveCfg = Debug|iPhone
		{AEE75F61-B746-4411-B238-B4FCD2AFB1D6}.Release|Any CPU.ActiveCfg = Release|iPhone
		{AEE75F61-B746-4411-B238-B4FCD2AFB1D6}.Release|ARM.ActiveCfg = Release|iPhone
		{AEE75F61-B746-4411-B238-B4FCD2AFB1D6}.Release|iPhone.ActiveCfg = Release|iPhone
		{AEE75F61-B746-4411-B238-B4FCD2AFB1D6}.Release|iPhone.Build.0 = Release|iPhone
		{AEE75F61-B746-4411-B238-B4FCD2AFB1D6}.Release|iPhoneSimulator.ActiveCfg = Release|iPhoneSimulator
		{AEE75F61-B746-4411-B238-B4FCD2AFB1D6}.Release|iPhoneSimulator.Build.0 = Release|iPhoneSimulator
		{AEE75F61-B746-4411-B238-B4FCD2AFB1D6}.Release|x64.ActiveCfg = Release|iPhone
		{AEE75F61-B746-4411-B238-B4FCD2AFB1D6}.Release|x86.ActiveCfg = Release|iPhone
		{F1045F18-27F4-4670-A921-F7FEB4EB302A}.Ad-Hoc|Any CPU.ActiveCfg = Release|Any CPU
		{F1045F18-27F4-4670-A921-F7FEB4EB302A}.Ad-Hoc|Any CPU.Build.0 = Release|Any CPU
		{F1045F18-27F4-4670-A921-F7FEB4EB302A}.Ad-Hoc|Any CPU.Deploy.0 = Release|Any CPU
		{F1045F18-27F4-4670-A921-F7FEB4EB302A}.Ad-Hoc|ARM.ActiveCfg = Release|ARM
		{F1045F18-27F4-4670-A921-F7FEB4EB302A}.Ad-Hoc|ARM.Build.0 = Release|ARM
		{F1045F18-27F4-4670-A921-F7FEB4EB302A}.Ad-Hoc|ARM.Deploy.0 = Release|ARM
		{F1045F18-27F4-4670-A921-F7FEB4EB302A}.Ad-Hoc|iPhone.ActiveCfg = Release|Any CPU
		{F1045F18-27F4-4670-A921-F7FEB4EB302A}.Ad-Hoc|iPhone.Build.0 = Release|Any CPU
		{F1045F18-27F4-4670-A921-F7FEB4EB302A}.Ad-Hoc|iPhone.Deploy.0 = Release|Any CPU
		{F1045F18-27F4-4670-A921-F7FEB4EB302A}.Ad-Hoc|iPhoneSimulator.ActiveCfg = Release|Any CPU
		{F1045F18-27F4-4670-A921-F7FEB4EB302A}.Ad-Hoc|iPhoneSimulator.Build.0 = Release|Any CPU
		{F1045F18-27F4-4670-A921-F7FEB4EB302A}.Ad-Hoc|iPhoneSimulator.Deploy.0 = Release|Any CPU
		{F1045F18-27F4-4670-A921-F7FEB4EB302A}.Ad-Hoc|x64.ActiveCfg = Release|Any CPU
		{F1045F18-27F4-4670-A921-F7FEB4EB302A}.Ad-Hoc|x64.Build.0 = Release|Any CPU
		{F1045F18-27F4-4670-A921-F7FEB4EB302A}.Ad-Hoc|x64.Deploy.0 = Release|Any CPU
		{F1045F18-27F4-4670-A921-F7FEB4EB302A}.Ad-Hoc|x86.ActiveCfg = Release|x86
		{F1045F18-27F4-4670-A921-F7FEB4EB302A}.Ad-Hoc|x86.Build.0 = Release|x86
		{F1045F18-27F4-4670-A921-F7FEB4EB302A}.Ad-Hoc|x86.Deploy.0 = Release|x86
		{F1045F18-27F4-4670-A921-F7FEB4EB302A}.AppStore|Any CPU.ActiveCfg = Release|Any CPU
		{F1045F18-27F4-4670-A921-F7FEB4EB302A}.AppStore|Any CPU.Build.0 = Release|Any CPU
		{F1045F18-27F4-4670-A921-F7FEB4EB302A}.AppStore|Any CPU.Deploy.0 = Release|Any CPU
		{F1045F18-27F4-4670-A921-F7FEB4EB302A}.AppStore|ARM.ActiveCfg = Release|ARM
		{F1045F18-27F4-4670-A921-F7FEB4EB302A}.AppStore|ARM.Build.0 = Release|ARM
		{F1045F18-27F4-4670-A921-F7FEB4EB302A}.AppStore|ARM.Deploy.0 = Release|ARM
		{F1045F18-27F4-4670-A921-F7FEB4EB302A}.AppStore|iPhone.ActiveCfg = Release|Any CPU
		{F1045F18-27F4-4670-A921-F7FEB4EB302A}.AppStore|iPhone.Build.0 = Release|Any CPU
		{F1045F18-27F4-4670-A921-F7FEB4EB302A}.AppStore|iPhone.Deploy.0 = Release|Any CPU
		{F1045F18-27F4-4670-A921-F7FEB4EB302A}.AppStore|iPhoneSimulator.ActiveCfg = Release|Any CPU
		{F1045F18-27F4-4670-A921-F7FEB4EB302A}.AppStore|iPhoneSimulator.Build.0 = Release|Any CPU
		{F1045F18-27F4-4670-A921-F7FEB4EB302A}.AppStore|iPhoneSimulator.Deploy.0 = Release|Any CPU
		{F1045F18-27F4-4670-A921-F7FEB4EB302A}.AppStore|x64.ActiveCfg = Release|Any CPU
		{F1045F18-27F4-4670-A921-F7FEB4EB302A}.AppStore|x64.Build.0 = Release|Any CPU
		{F1045F18-27F4-4670-A921-F7FEB4EB302A}.AppStore|x64.Deploy.0 = Release|Any CPU
		{F1045F18-27F4-4670-A921-F7FEB4EB302A}.AppStore|x86.ActiveCfg = Release|x86
		{F1045F18-27F4-4670-A921-F7FEB4EB302A}.AppStore|x86.Build.0 = Release|x86
		{F1045F18-27F4-4670-A921-F7FEB4EB302A}.AppStore|x86.Deploy.0 = Release|x86
		{F1045F18-27F4-4670-A921-F7FEB4EB302A}.Debug|Any CPU.ActiveCfg = Debug|Any CPU
		{F1045F18-27F4-4670-A921-F7FEB4EB302A}.Debug|Any CPU.Build.0 = Debug|Any CPU
		{F1045F18-27F4-4670-A921-F7FEB4EB302A}.Debug|Any CPU.Deploy.0 = Debug|Any CPU
		{F1045F18-27F4-4670-A921-F7FEB4EB302A}.Debug|ARM.ActiveCfg = Debug|ARM
		{F1045F18-27F4-4670-A921-F7FEB4EB302A}.Debug|ARM.Build.0 = Debug|ARM
		{F1045F18-27F4-4670-A921-F7FEB4EB302A}.Debug|ARM.Deploy.0 = Debug|ARM
		{F1045F18-27F4-4670-A921-F7FEB4EB302A}.Debug|iPhone.ActiveCfg = Debug|Any CPU
		{F1045F18-27F4-4670-A921-F7FEB4EB302A}.Debug|iPhone.Build.0 = Debug|Any CPU
		{F1045F18-27F4-4670-A921-F7FEB4EB302A}.Debug|iPhone.Deploy.0 = Debug|Any CPU
		{F1045F18-27F4-4670-A921-F7FEB4EB302A}.Debug|iPhoneSimulator.ActiveCfg = Debug|Any CPU
		{F1045F18-27F4-4670-A921-F7FEB4EB302A}.Debug|iPhoneSimulator.Build.0 = Debug|Any CPU
		{F1045F18-27F4-4670-A921-F7FEB4EB302A}.Debug|iPhoneSimulator.Deploy.0 = Debug|Any CPU
		{F1045F18-27F4-4670-A921-F7FEB4EB302A}.Debug|x64.ActiveCfg = Debug|Any CPU
		{F1045F18-27F4-4670-A921-F7FEB4EB302A}.Debug|x64.Build.0 = Debug|Any CPU
		{F1045F18-27F4-4670-A921-F7FEB4EB302A}.Debug|x64.Deploy.0 = Debug|Any CPU
		{F1045F18-27F4-4670-A921-F7FEB4EB302A}.Debug|x86.ActiveCfg = Debug|x86
		{F1045F18-27F4-4670-A921-F7FEB4EB302A}.Debug|x86.Build.0 = Debug|x86
		{F1045F18-27F4-4670-A921-F7FEB4EB302A}.Debug|x86.Deploy.0 = Debug|x86
		{F1045F18-27F4-4670-A921-F7FEB4EB302A}.Release|Any CPU.ActiveCfg = Release|Any CPU
		{F1045F18-27F4-4670-A921-F7FEB4EB302A}.Release|Any CPU.Build.0 = Release|Any CPU
		{F1045F18-27F4-4670-A921-F7FEB4EB302A}.Release|Any CPU.Deploy.0 = Release|Any CPU
		{F1045F18-27F4-4670-A921-F7FEB4EB302A}.Release|ARM.ActiveCfg = Release|ARM
		{F1045F18-27F4-4670-A921-F7FEB4EB302A}.Release|ARM.Build.0 = Release|ARM
		{F1045F18-27F4-4670-A921-F7FEB4EB302A}.Release|ARM.Deploy.0 = Release|ARM
		{F1045F18-27F4-4670-A921-F7FEB4EB302A}.Release|iPhone.ActiveCfg = Release|Any CPU
		{F1045F18-27F4-4670-A921-F7FEB4EB302A}.Release|iPhone.Build.0 = Release|Any CPU
		{F1045F18-27F4-4670-A921-F7FEB4EB302A}.Release|iPhone.Deploy.0 = Release|Any CPU
		{F1045F18-27F4-4670-A921-F7FEB4EB302A}.Release|iPhoneSimulator.ActiveCfg = Release|Any CPU
		{F1045F18-27F4-4670-A921-F7FEB4EB302A}.Release|iPhoneSimulator.Build.0 = Release|Any CPU
		{F1045F18-27F4-4670-A921-F7FEB4EB302A}.Release|iPhoneSimulator.Deploy.0 = Release|Any CPU
		{F1045F18-27F4-4670-A921-F7FEB4EB302A}.Release|x64.ActiveCfg = Release|Any CPU
		{F1045F18-27F4-4670-A921-F7FEB4EB302A}.Release|x64.Build.0 = Release|Any CPU
		{F1045F18-27F4-4670-A921-F7FEB4EB302A}.Release|x64.Deploy.0 = Release|Any CPU
		{F1045F18-27F4-4670-A921-F7FEB4EB302A}.Release|x86.ActiveCfg = Release|x86
		{F1045F18-27F4-4670-A921-F7FEB4EB302A}.Release|x86.Build.0 = Release|x86
		{F1045F18-27F4-4670-A921-F7FEB4EB302A}.Release|x86.Deploy.0 = Release|x86
		{85D16DAB-6626-4046-990C-39ACC54E7962}.Ad-Hoc|Any CPU.ActiveCfg = Release|x86
		{85D16DAB-6626-4046-990C-39ACC54E7962}.Ad-Hoc|Any CPU.Build.0 = Release|x86
		{85D16DAB-6626-4046-990C-39ACC54E7962}.Ad-Hoc|Any CPU.Deploy.0 = Release|x86
		{85D16DAB-6626-4046-990C-39ACC54E7962}.Ad-Hoc|ARM.ActiveCfg = Release|ARM
		{85D16DAB-6626-4046-990C-39ACC54E7962}.Ad-Hoc|ARM.Build.0 = Release|ARM
		{85D16DAB-6626-4046-990C-39ACC54E7962}.Ad-Hoc|ARM.Deploy.0 = Release|ARM
		{85D16DAB-6626-4046-990C-39ACC54E7962}.Ad-Hoc|iPhone.ActiveCfg = Release|x86
		{85D16DAB-6626-4046-990C-39ACC54E7962}.Ad-Hoc|iPhone.Build.0 = Release|x86
		{85D16DAB-6626-4046-990C-39ACC54E7962}.Ad-Hoc|iPhone.Deploy.0 = Release|x86
		{85D16DAB-6626-4046-990C-39ACC54E7962}.Ad-Hoc|iPhoneSimulator.ActiveCfg = Release|x86
		{85D16DAB-6626-4046-990C-39ACC54E7962}.Ad-Hoc|iPhoneSimulator.Build.0 = Release|x86
		{85D16DAB-6626-4046-990C-39ACC54E7962}.Ad-Hoc|iPhoneSimulator.Deploy.0 = Release|x86
		{85D16DAB-6626-4046-990C-39ACC54E7962}.Ad-Hoc|x64.ActiveCfg = Release|x64
		{85D16DAB-6626-4046-990C-39ACC54E7962}.Ad-Hoc|x64.Build.0 = Release|x64
		{85D16DAB-6626-4046-990C-39ACC54E7962}.Ad-Hoc|x64.Deploy.0 = Release|x64
		{85D16DAB-6626-4046-990C-39ACC54E7962}.Ad-Hoc|x86.ActiveCfg = Release|x86
		{85D16DAB-6626-4046-990C-39ACC54E7962}.Ad-Hoc|x86.Build.0 = Release|x86
		{85D16DAB-6626-4046-990C-39ACC54E7962}.Ad-Hoc|x86.Deploy.0 = Release|x86
		{85D16DAB-6626-4046-990C-39ACC54E7962}.AppStore|Any CPU.ActiveCfg = Release|x86
		{85D16DAB-6626-4046-990C-39ACC54E7962}.AppStore|Any CPU.Build.0 = Release|x86
		{85D16DAB-6626-4046-990C-39ACC54E7962}.AppStore|Any CPU.Deploy.0 = Release|x86
		{85D16DAB-6626-4046-990C-39ACC54E7962}.AppStore|ARM.ActiveCfg = Release|ARM
		{85D16DAB-6626-4046-990C-39ACC54E7962}.AppStore|ARM.Build.0 = Release|ARM
		{85D16DAB-6626-4046-990C-39ACC54E7962}.AppStore|ARM.Deploy.0 = Release|ARM
		{85D16DAB-6626-4046-990C-39ACC54E7962}.AppStore|iPhone.ActiveCfg = Release|x86
		{85D16DAB-6626-4046-990C-39ACC54E7962}.AppStore|iPhone.Build.0 = Release|x86
		{85D16DAB-6626-4046-990C-39ACC54E7962}.AppStore|iPhone.Deploy.0 = Release|x86
		{85D16DAB-6626-4046-990C-39ACC54E7962}.AppStore|iPhoneSimulator.ActiveCfg = Release|x86
		{85D16DAB-6626-4046-990C-39ACC54E7962}.AppStore|iPhoneSimulator.Build.0 = Release|x86
		{85D16DAB-6626-4046-990C-39ACC54E7962}.AppStore|iPhoneSimulator.Deploy.0 = Release|x86
		{85D16DAB-6626-4046-990C-39ACC54E7962}.AppStore|x64.ActiveCfg = Release|x64
		{85D16DAB-6626-4046-990C-39ACC54E7962}.AppStore|x64.Build.0 = Release|x64
		{85D16DAB-6626-4046-990C-39ACC54E7962}.AppStore|x64.Deploy.0 = Release|x64
		{85D16DAB-6626-4046-990C-39ACC54E7962}.AppStore|x86.ActiveCfg = Release|x86
		{85D16DAB-6626-4046-990C-39ACC54E7962}.AppStore|x86.Build.0 = Release|x86
		{85D16DAB-6626-4046-990C-39ACC54E7962}.AppStore|x86.Deploy.0 = Release|x86
		{85D16DAB-6626-4046-990C-39ACC54E7962}.Debug|Any CPU.ActiveCfg = Debug|x86
		{85D16DAB-6626-4046-990C-39ACC54E7962}.Debug|ARM.ActiveCfg = Debug|ARM
		{85D16DAB-6626-4046-990C-39ACC54E7962}.Debug|ARM.Build.0 = Debug|ARM
		{85D16DAB-6626-4046-990C-39ACC54E7962}.Debug|ARM.Deploy.0 = Debug|ARM
		{85D16DAB-6626-4046-990C-39ACC54E7962}.Debug|iPhone.ActiveCfg = Debug|x86
		{85D16DAB-6626-4046-990C-39ACC54E7962}.Debug|iPhoneSimulator.ActiveCfg = Debug|x86
		{85D16DAB-6626-4046-990C-39ACC54E7962}.Debug|x64.ActiveCfg = Debug|x64
		{85D16DAB-6626-4046-990C-39ACC54E7962}.Debug|x64.Build.0 = Debug|x64
		{85D16DAB-6626-4046-990C-39ACC54E7962}.Debug|x64.Deploy.0 = Debug|x64
		{85D16DAB-6626-4046-990C-39ACC54E7962}.Debug|x86.ActiveCfg = Debug|x86
		{85D16DAB-6626-4046-990C-39ACC54E7962}.Debug|x86.Build.0 = Debug|x86
		{85D16DAB-6626-4046-990C-39ACC54E7962}.Debug|x86.Deploy.0 = Debug|x86
		{85D16DAB-6626-4046-990C-39ACC54E7962}.Release|Any CPU.ActiveCfg = Release|x86
		{85D16DAB-6626-4046-990C-39ACC54E7962}.Release|ARM.ActiveCfg = Release|ARM
		{85D16DAB-6626-4046-990C-39ACC54E7962}.Release|ARM.Build.0 = Release|ARM
		{85D16DAB-6626-4046-990C-39ACC54E7962}.Release|ARM.Deploy.0 = Release|ARM
		{85D16DAB-6626-4046-990C-39ACC54E7962}.Release|iPhone.ActiveCfg = Release|x86
		{85D16DAB-6626-4046-990C-39ACC54E7962}.Release|iPhoneSimulator.ActiveCfg = Release|x86
		{85D16DAB-6626-4046-990C-39ACC54E7962}.Release|x64.ActiveCfg = Release|x64
		{85D16DAB-6626-4046-990C-39ACC54E7962}.Release|x64.Build.0 = Release|x64
		{85D16DAB-6626-4046-990C-39ACC54E7962}.Release|x64.Deploy.0 = Release|x64
		{85D16DAB-6626-4046-990C-39ACC54E7962}.Release|x86.ActiveCfg = Release|x86
		{85D16DAB-6626-4046-990C-39ACC54E7962}.Release|x86.Build.0 = Release|x86
		{85D16DAB-6626-4046-990C-39ACC54E7962}.Release|x86.Deploy.0 = Release|x86
		{61C9A4EE-6CB9-4563-B455-7F2EF5DBF288}.Ad-Hoc|Any CPU.ActiveCfg = Release|Any CPU
		{61C9A4EE-6CB9-4563-B455-7F2EF5DBF288}.Ad-Hoc|Any CPU.Build.0 = Release|Any CPU
		{61C9A4EE-6CB9-4563-B455-7F2EF5DBF288}.Ad-Hoc|Any CPU.Deploy.0 = Release|Any CPU
		{61C9A4EE-6CB9-4563-B455-7F2EF5DBF288}.Ad-Hoc|ARM.ActiveCfg = Release|ARM
		{61C9A4EE-6CB9-4563-B455-7F2EF5DBF288}.Ad-Hoc|ARM.Build.0 = Release|ARM
		{61C9A4EE-6CB9-4563-B455-7F2EF5DBF288}.Ad-Hoc|ARM.Deploy.0 = Release|ARM
		{61C9A4EE-6CB9-4563-B455-7F2EF5DBF288}.Ad-Hoc|iPhone.ActiveCfg = Release|Any CPU
		{61C9A4EE-6CB9-4563-B455-7F2EF5DBF288}.Ad-Hoc|iPhone.Build.0 = Release|Any CPU
		{61C9A4EE-6CB9-4563-B455-7F2EF5DBF288}.Ad-Hoc|iPhone.Deploy.0 = Release|Any CPU
		{61C9A4EE-6CB9-4563-B455-7F2EF5DBF288}.Ad-Hoc|iPhoneSimulator.ActiveCfg = Release|Any CPU
		{61C9A4EE-6CB9-4563-B455-7F2EF5DBF288}.Ad-Hoc|iPhoneSimulator.Build.0 = Release|Any CPU
		{61C9A4EE-6CB9-4563-B455-7F2EF5DBF288}.Ad-Hoc|iPhoneSimulator.Deploy.0 = Release|Any CPU
		{61C9A4EE-6CB9-4563-B455-7F2EF5DBF288}.Ad-Hoc|x64.ActiveCfg = Release|x64
		{61C9A4EE-6CB9-4563-B455-7F2EF5DBF288}.Ad-Hoc|x64.Build.0 = Release|x64
		{61C9A4EE-6CB9-4563-B455-7F2EF5DBF288}.Ad-Hoc|x64.Deploy.0 = Release|x64
		{61C9A4EE-6CB9-4563-B455-7F2EF5DBF288}.Ad-Hoc|x86.ActiveCfg = Release|x86
		{61C9A4EE-6CB9-4563-B455-7F2EF5DBF288}.Ad-Hoc|x86.Build.0 = Release|x86
		{61C9A4EE-6CB9-4563-B455-7F2EF5DBF288}.Ad-Hoc|x86.Deploy.0 = Release|x86
		{61C9A4EE-6CB9-4563-B455-7F2EF5DBF288}.AppStore|Any CPU.ActiveCfg = Release|Any CPU
		{61C9A4EE-6CB9-4563-B455-7F2EF5DBF288}.AppStore|Any CPU.Build.0 = Release|Any CPU
		{61C9A4EE-6CB9-4563-B455-7F2EF5DBF288}.AppStore|Any CPU.Deploy.0 = Release|Any CPU
		{61C9A4EE-6CB9-4563-B455-7F2EF5DBF288}.AppStore|ARM.ActiveCfg = Release|ARM
		{61C9A4EE-6CB9-4563-B455-7F2EF5DBF288}.AppStore|ARM.Build.0 = Release|ARM
		{61C9A4EE-6CB9-4563-B455-7F2EF5DBF288}.AppStore|ARM.Deploy.0 = Release|ARM
		{61C9A4EE-6CB9-4563-B455-7F2EF5DBF288}.AppStore|iPhone.ActiveCfg = Release|Any CPU
		{61C9A4EE-6CB9-4563-B455-7F2EF5DBF288}.AppStore|iPhone.Build.0 = Release|Any CPU
		{61C9A4EE-6CB9-4563-B455-7F2EF5DBF288}.AppStore|iPhone.Deploy.0 = Release|Any CPU
		{61C9A4EE-6CB9-4563-B455-7F2EF5DBF288}.AppStore|iPhoneSimulator.ActiveCfg = Release|Any CPU
		{61C9A4EE-6CB9-4563-B455-7F2EF5DBF288}.AppStore|iPhoneSimulator.Build.0 = Release|Any CPU
		{61C9A4EE-6CB9-4563-B455-7F2EF5DBF288}.AppStore|iPhoneSimulator.Deploy.0 = Release|Any CPU
		{61C9A4EE-6CB9-4563-B455-7F2EF5DBF288}.AppStore|x64.ActiveCfg = Release|x64
		{61C9A4EE-6CB9-4563-B455-7F2EF5DBF288}.AppStore|x64.Build.0 = Release|x64
		{61C9A4EE-6CB9-4563-B455-7F2EF5DBF288}.AppStore|x64.Deploy.0 = Release|x64
		{61C9A4EE-6CB9-4563-B455-7F2EF5DBF288}.AppStore|x86.ActiveCfg = Release|x86
		{61C9A4EE-6CB9-4563-B455-7F2EF5DBF288}.AppStore|x86.Build.0 = Release|x86
		{61C9A4EE-6CB9-4563-B455-7F2EF5DBF288}.AppStore|x86.Deploy.0 = Release|x86
		{61C9A4EE-6CB9-4563-B455-7F2EF5DBF288}.Debug|Any CPU.ActiveCfg = Debug|Any CPU
		{61C9A4EE-6CB9-4563-B455-7F2EF5DBF288}.Debug|Any CPU.Build.0 = Debug|Any CPU
		{61C9A4EE-6CB9-4563-B455-7F2EF5DBF288}.Debug|Any CPU.Deploy.0 = Debug|Any CPU
		{61C9A4EE-6CB9-4563-B455-7F2EF5DBF288}.Debug|ARM.ActiveCfg = Debug|ARM
		{61C9A4EE-6CB9-4563-B455-7F2EF5DBF288}.Debug|ARM.Build.0 = Debug|ARM
		{61C9A4EE-6CB9-4563-B455-7F2EF5DBF288}.Debug|ARM.Deploy.0 = Debug|ARM
		{61C9A4EE-6CB9-4563-B455-7F2EF5DBF288}.Debug|iPhone.ActiveCfg = Debug|Any CPU
		{61C9A4EE-6CB9-4563-B455-7F2EF5DBF288}.Debug|iPhone.Build.0 = Debug|Any CPU
		{61C9A4EE-6CB9-4563-B455-7F2EF5DBF288}.Debug|iPhone.Deploy.0 = Debug|Any CPU
		{61C9A4EE-6CB9-4563-B455-7F2EF5DBF288}.Debug|iPhoneSimulator.ActiveCfg = Debug|Any CPU
		{61C9A4EE-6CB9-4563-B455-7F2EF5DBF288}.Debug|iPhoneSimulator.Build.0 = Debug|Any CPU
		{61C9A4EE-6CB9-4563-B455-7F2EF5DBF288}.Debug|iPhoneSimulator.Deploy.0 = Debug|Any CPU
		{61C9A4EE-6CB9-4563-B455-7F2EF5DBF288}.Debug|x64.ActiveCfg = Debug|x64
		{61C9A4EE-6CB9-4563-B455-7F2EF5DBF288}.Debug|x64.Build.0 = Debug|x64
		{61C9A4EE-6CB9-4563-B455-7F2EF5DBF288}.Debug|x64.Deploy.0 = Debug|x64
		{61C9A4EE-6CB9-4563-B455-7F2EF5DBF288}.Debug|x86.ActiveCfg = Debug|x86
		{61C9A4EE-6CB9-4563-B455-7F2EF5DBF288}.Debug|x86.Build.0 = Debug|x86
		{61C9A4EE-6CB9-4563-B455-7F2EF5DBF288}.Debug|x86.Deploy.0 = Debug|x86
		{61C9A4EE-6CB9-4563-B455-7F2EF5DBF288}.Release|Any CPU.ActiveCfg = Release|Any CPU
		{61C9A4EE-6CB9-4563-B455-7F2EF5DBF288}.Release|Any CPU.Build.0 = Release|Any CPU
		{61C9A4EE-6CB9-4563-B455-7F2EF5DBF288}.Release|Any CPU.Deploy.0 = Release|Any CPU
		{61C9A4EE-6CB9-4563-B455-7F2EF5DBF288}.Release|ARM.ActiveCfg = Release|ARM
		{61C9A4EE-6CB9-4563-B455-7F2EF5DBF288}.Release|ARM.Build.0 = Release|ARM
		{61C9A4EE-6CB9-4563-B455-7F2EF5DBF288}.Release|ARM.Deploy.0 = Release|ARM
		{61C9A4EE-6CB9-4563-B455-7F2EF5DBF288}.Release|iPhone.ActiveCfg = Release|Any CPU
		{61C9A4EE-6CB9-4563-B455-7F2EF5DBF288}.Release|iPhone.Build.0 = Release|Any CPU
		{61C9A4EE-6CB9-4563-B455-7F2EF5DBF288}.Release|iPhone.Deploy.0 = Release|Any CPU
		{61C9A4EE-6CB9-4563-B455-7F2EF5DBF288}.Release|iPhoneSimulator.ActiveCfg = Release|Any CPU
		{61C9A4EE-6CB9-4563-B455-7F2EF5DBF288}.Release|iPhoneSimulator.Build.0 = Release|Any CPU
		{61C9A4EE-6CB9-4563-B455-7F2EF5DBF288}.Release|iPhoneSimulator.Deploy.0 = Release|Any CPU
		{61C9A4EE-6CB9-4563-B455-7F2EF5DBF288}.Release|x64.ActiveCfg = Release|x64
		{61C9A4EE-6CB9-4563-B455-7F2EF5DBF288}.Release|x64.Build.0 = Release|x64
		{61C9A4EE-6CB9-4563-B455-7F2EF5DBF288}.Release|x64.Deploy.0 = Release|x64
		{61C9A4EE-6CB9-4563-B455-7F2EF5DBF288}.Release|x86.ActiveCfg = Release|x86
		{61C9A4EE-6CB9-4563-B455-7F2EF5DBF288}.Release|x86.Build.0 = Release|x86
		{61C9A4EE-6CB9-4563-B455-7F2EF5DBF288}.Release|x86.Deploy.0 = Release|x86
		{28C438B3-BF76-43CA-838D-C301B0B6A5A2}.Ad-Hoc|Any CPU.ActiveCfg = Release|Any CPU
		{28C438B3-BF76-43CA-838D-C301B0B6A5A2}.Ad-Hoc|Any CPU.Build.0 = Release|Any CPU
		{28C438B3-BF76-43CA-838D-C301B0B6A5A2}.Ad-Hoc|ARM.ActiveCfg = Release|Any CPU
		{28C438B3-BF76-43CA-838D-C301B0B6A5A2}.Ad-Hoc|ARM.Build.0 = Release|Any CPU
		{28C438B3-BF76-43CA-838D-C301B0B6A5A2}.Ad-Hoc|iPhone.ActiveCfg = Release|Any CPU
		{28C438B3-BF76-43CA-838D-C301B0B6A5A2}.Ad-Hoc|iPhone.Build.0 = Release|Any CPU
		{28C438B3-BF76-43CA-838D-C301B0B6A5A2}.Ad-Hoc|iPhoneSimulator.ActiveCfg = Release|Any CPU
		{28C438B3-BF76-43CA-838D-C301B0B6A5A2}.Ad-Hoc|iPhoneSimulator.Build.0 = Release|Any CPU
		{28C438B3-BF76-43CA-838D-C301B0B6A5A2}.Ad-Hoc|x64.ActiveCfg = Release|Any CPU
		{28C438B3-BF76-43CA-838D-C301B0B6A5A2}.Ad-Hoc|x64.Build.0 = Release|Any CPU
		{28C438B3-BF76-43CA-838D-C301B0B6A5A2}.Ad-Hoc|x86.ActiveCfg = Release|Any CPU
		{28C438B3-BF76-43CA-838D-C301B0B6A5A2}.Ad-Hoc|x86.Build.0 = Release|Any CPU
		{28C438B3-BF76-43CA-838D-C301B0B6A5A2}.AppStore|Any CPU.ActiveCfg = Release|Any CPU
		{28C438B3-BF76-43CA-838D-C301B0B6A5A2}.AppStore|Any CPU.Build.0 = Release|Any CPU
		{28C438B3-BF76-43CA-838D-C301B0B6A5A2}.AppStore|ARM.ActiveCfg = Release|Any CPU
		{28C438B3-BF76-43CA-838D-C301B0B6A5A2}.AppStore|ARM.Build.0 = Release|Any CPU
		{28C438B3-BF76-43CA-838D-C301B0B6A5A2}.AppStore|iPhone.ActiveCfg = Release|Any CPU
		{28C438B3-BF76-43CA-838D-C301B0B6A5A2}.AppStore|iPhone.Build.0 = Release|Any CPU
		{28C438B3-BF76-43CA-838D-C301B0B6A5A2}.AppStore|iPhoneSimulator.ActiveCfg = Release|Any CPU
		{28C438B3-BF76-43CA-838D-C301B0B6A5A2}.AppStore|iPhoneSimulator.Build.0 = Release|Any CPU
		{28C438B3-BF76-43CA-838D-C301B0B6A5A2}.AppStore|x64.ActiveCfg = Release|Any CPU
		{28C438B3-BF76-43CA-838D-C301B0B6A5A2}.AppStore|x64.Build.0 = Release|Any CPU
		{28C438B3-BF76-43CA-838D-C301B0B6A5A2}.AppStore|x86.ActiveCfg = Release|Any CPU
		{28C438B3-BF76-43CA-838D-C301B0B6A5A2}.AppStore|x86.Build.0 = Release|Any CPU
		{28C438B3-BF76-43CA-838D-C301B0B6A5A2}.Debug|Any CPU.ActiveCfg = Debug|Any CPU
		{28C438B3-BF76-43CA-838D-C301B0B6A5A2}.Debug|Any CPU.Build.0 = Debug|Any CPU
		{28C438B3-BF76-43CA-838D-C301B0B6A5A2}.Debug|ARM.ActiveCfg = Debug|Any CPU
		{28C438B3-BF76-43CA-838D-C301B0B6A5A2}.Debug|ARM.Build.0 = Debug|Any CPU
		{28C438B3-BF76-43CA-838D-C301B0B6A5A2}.Debug|iPhone.ActiveCfg = Debug|Any CPU
		{28C438B3-BF76-43CA-838D-C301B0B6A5A2}.Debug|iPhone.Build.0 = Debug|Any CPU
		{28C438B3-BF76-43CA-838D-C301B0B6A5A2}.Debug|iPhoneSimulator.ActiveCfg = Debug|Any CPU
		{28C438B3-BF76-43CA-838D-C301B0B6A5A2}.Debug|iPhoneSimulator.Build.0 = Debug|Any CPU
		{28C438B3-BF76-43CA-838D-C301B0B6A5A2}.Debug|x64.ActiveCfg = Debug|Any CPU
		{28C438B3-BF76-43CA-838D-C301B0B6A5A2}.Debug|x64.Build.0 = Debug|Any CPU
		{28C438B3-BF76-43CA-838D-C301B0B6A5A2}.Debug|x86.ActiveCfg = Debug|Any CPU
		{28C438B3-BF76-43CA-838D-C301B0B6A5A2}.Debug|x86.Build.0 = Debug|Any CPU
		{28C438B3-BF76-43CA-838D-C301B0B6A5A2}.Release|Any CPU.ActiveCfg = Release|Any CPU
		{28C438B3-BF76-43CA-838D-C301B0B6A5A2}.Release|Any CPU.Build.0 = Release|Any CPU
		{28C438B3-BF76-43CA-838D-C301B0B6A5A2}.Release|ARM.ActiveCfg = Release|Any CPU
		{28C438B3-BF76-43CA-838D-C301B0B6A5A2}.Release|ARM.Build.0 = Release|Any CPU
		{28C438B3-BF76-43CA-838D-C301B0B6A5A2}.Release|iPhone.ActiveCfg = Release|Any CPU
		{28C438B3-BF76-43CA-838D-C301B0B6A5A2}.Release|iPhone.Build.0 = Release|Any CPU
		{28C438B3-BF76-43CA-838D-C301B0B6A5A2}.Release|iPhoneSimulator.ActiveCfg = Release|Any CPU
		{28C438B3-BF76-43CA-838D-C301B0B6A5A2}.Release|iPhoneSimulator.Build.0 = Release|Any CPU
		{28C438B3-BF76-43CA-838D-C301B0B6A5A2}.Release|x64.ActiveCfg = Release|Any CPU
		{28C438B3-BF76-43CA-838D-C301B0B6A5A2}.Release|x64.Build.0 = Release|Any CPU
		{28C438B3-BF76-43CA-838D-C301B0B6A5A2}.Release|x86.ActiveCfg = Release|Any CPU
		{28C438B3-BF76-43CA-838D-C301B0B6A5A2}.Release|x86.Build.0 = Release|Any CPU
	EndGlobalSection
	GlobalSection(SolutionProperties) = preSolution
		HideSolutionNode = FALSE
	EndGlobalSection
EndGlobal
